
Microsoft Visual Studio Solution File, Format Version 12.00
# Visual Studio 14
VisualStudioVersion = 14.0.25420.1
MinimumVisualStudioVersion = 10.0.40219.1
Project("{FAE04EC0-301F-11D3-BF4B-00C04F79EFBC}") = "HaveYouSeenMe", "HaveYouSeenMe\HaveYouSeenMe.csproj", "{43CE7981-C281-4E41-B383-38385726F710}"
EndProject
Project("{FAE04EC0-301F-11D3-BF4B-00C04F79EFBC}") = "HaveYouSeenMe.Tests", "HaveYouSeenMe.Tests\HaveYouSeenMe.Tests.csproj", "{88346D37-7E84-45B6-92B0-56579C1F7F0E}"
EndProject
Global
	GlobalSection(SolutionConfigurationPlatforms) = preSolution
		Debug|Any CPU = Debug|Any CPU
		Release|Any CPU = Release|Any CPU
	EndGlobalSection
	GlobalSection(ProjectConfigurationPlatforms) = postSolution
		{43CE7981-C281-4E41-B383-38385726F710}.Debug|Any CPU.ActiveCfg = Debug|Any CPU
		{43CE7981-C281-4E41-B383-38385726F710}.Debug|Any CPU.Build.0 = Debug|Any CPU
		{43CE7981-C281-4E41-B383-38385726F710}.Release|Any CPU.ActiveCfg = Release|Any CPU
		{43CE7981-C281-4E41-B383-38385726F710}.Release|Any CPU.Build.0 = Release|Any CPU
		{88346D37-7E84-45B6-92B0-56579C1F7F0E}.Debug|Any CPU.ActiveCfg = Debug|Any CPU
		{88346D37-7E84-45B6-92B0-56579C1F7F0E}.Debug|Any CPU.Build.0 = Debug|Any CPU
		{88346D37-7E84-45B6-92B0-56579C1F7F0E}.Release|Any CPU.ActiveCfg = Release|Any CPU
		{88346D37-7E84-45B6-92B0-56579C1F7F0E}.Release|Any CPU.Build.0 = Release|Any CPU
	EndGlobalSection
	GlobalSection(SolutionProperties) = preSolution
		HideSolutionNode = FALSE
	EndGlobalSection
EndGlobal
